
Microsoft Visual Studio Solution File, Format Version 12.00
# Visual Studio 15
Project("{FAE04EC0-301F-11D3-BF4B-00C04F79EFBC}") = "Assembly-CSharp", "Assembly-CSharp.csproj", "{45335608-5245-8C0C-6890-D195F5E5D43D}"
EndProject
Global
	GlobalSection(SolutionConfigurationPlatforms) = preSolution
		Debug|Any CPU = Debug|Any CPU
		Release|Any CPU = Release|Any CPU
	EndGlobalSection
	GlobalSection(ProjectConfigurationPlatforms) = postSolution
		{45335608-5245-8C0C-6890-D195F5E5D43D}.Debug|Any CPU.ActiveCfg = Debug|Any CPU
		{45335608-5245-8C0C-6890-D195F5E5D43D}.Debug|Any CPU.Build.0 = Debug|Any CPU
		{45335608-5245-8C0C-6890-D195F5E5D43D}.Release|Any CPU.ActiveCfg = Release|Any CPU
		{45335608-5245-8C0C-6890-D195F5E5D43D}.Release|Any CPU.Build.0 = Release|Any CPU
	EndGlobalSection
	GlobalSection(SolutionProperties) = preSolution
		HideSolutionNode = FALSE
	EndGlobalSection
EndGlobal
